# This file is automatically @generated by Cargo.
# It is not intended for manual editing.
version = 3

[[package]]
name = "eagle"
version = "0.1.0"
dependencies = [
 "ultimatum",
]

[[package]]
name = "eagle-game"
version = "0.1.0"

[[package]]
name = "eagle-postgres"
version = "0.1.0"

[[package]]
name = "eagle-server"
version = "0.1.0"

[[package]]
name = "eagle-types"
version = "0.1.0"

[[package]]
name = "eagle-web-client"
version = "0.1.0"

[[package]]
name = "ultimatum"
version = "0.1.0"
